// !$*UTF8*$!
{
	archiveVersion = 1;
	classes = {
	};
	objectVersion = 52;
	objects = {

/* Begin PBXBuildFile section */
		AC1B82FE2392AE56008374C4 /* WKdova in Frameworks */ = {isa = PBXBuildFile; productRef = AC1B82FD2392AE56008374C4 /* WKdova */; };
		AC5245F2238E811F00A434D0 /* public in Resources */ = {isa = PBXBuildFile; fileRef = AC5245F1238E811E00A434D0 /* public */; };
		AC88D3DF236DBFA200371F3C /* GCDWebServers.framework in Frameworks */ = {isa = PBXBuildFile; fileRef = AC88D3DA236DBF7000371F3C /* GCDWebServers.framework */; };
		AC88D3E0236DBFA200371F3C /* GCDWebServers.framework in Embed Frameworks */ = {isa = PBXBuildFile; fileRef = AC88D3DA236DBF7000371F3C /* GCDWebServers.framework */; settings = {ATTRIBUTES = (CodeSignOnCopy, RemoveHeadersOnCopy, ); }; };
		AC88D3E3236DC07A00371F3C /* libz.tbd in Frameworks */ = {isa = PBXBuildFile; fileRef = AC88D3E2236DC07A00371F3C /* libz.tbd */; };
		ACD89334222822C60073EC6E /* AppDelegate.swift in Sources */ = {isa = PBXBuildFile; fileRef = ACD89333222822C60073EC6E /* AppDelegate.swift */; };
		ACD89336222822C60073EC6E /* ViewController.swift in Sources */ = {isa = PBXBuildFile; fileRef = ACD89335222822C60073EC6E /* ViewController.swift */; };
		ACD89339222822C60073EC6E /* Main.storyboard in Resources */ = {isa = PBXBuildFile; fileRef = ACD89337222822C60073EC6E /* Main.storyboard */; };
		ACD8933B222822C80073EC6E /* Assets.xcassets in Resources */ = {isa = PBXBuildFile; fileRef = ACD8933A222822C80073EC6E /* Assets.xcassets */; };
		ACD8933E222822C80073EC6E /* LaunchScreen.storyboard in Resources */ = {isa = PBXBuildFile; fileRef = ACD8933C222822C80073EC6E /* LaunchScreen.storyboard */; };
		ACD89347222823920073EC6E /* WebKit.framework in Frameworks */ = {isa = PBXBuildFile; fileRef = ACD89346222823920073EC6E /* WebKit.framework */; };
/* End PBXBuildFile section */

/* Begin PBXContainerItemProxy section */
		AC88D3D1236DBF7000371F3C /* PBXContainerItemProxy */ = {
			isa = PBXContainerItemProxy;
			containerPortal = AC88D3C6236DBF7000371F3C /* GCDWebServer.xcodeproj */;
			proxyType = 2;
			remoteGlobalIDString = 8DD76FB20486AB0100D96B5E;
			remoteInfo = "GCDWebServer (Mac)";
		};
		AC88D3D3236DBF7000371F3C /* PBXContainerItemProxy */ = {
			isa = PBXContainerItemProxy;
			containerPortal = AC88D3C6236DBF7000371F3C /* GCDWebServer.xcodeproj */;
			proxyType = 2;
			remoteGlobalIDString = E2DDD1F61BE69EE4002CE867;
			remoteInfo = "GCDWebServer (iOS)";
		};
		AC88D3D9236DBF7000371F3C /* PBXContainerItemProxy */ = {
			isa = PBXContainerItemProxy;
			containerPortal = AC88D3C6236DBF7000371F3C /* GCDWebServer.xcodeproj */;
			proxyType = 2;
			remoteGlobalIDString = CEE28CEF1AE0051F00F4023C;
			remoteInfo = "GCDWebServers (iOS)";
		};
/* End PBXContainerItemProxy section */

/* Begin PBXCopyFilesBuildPhase section */
		AC88D3E1236DBFA200371F3C /* Embed Frameworks */ = {
			isa = PBXCopyFilesBuildPhase;
			buildActionMask = 2147483647;
			dstPath = "";
			dstSubfolderSpec = 10;
			files = (
				AC88D3E0236DBFA200371F3C /* GCDWebServers.framework in Embed Frameworks */,
			);
			name = "Embed Frameworks";
			runOnlyForDeploymentPostprocessing = 0;
		};
/* End PBXCopyFilesBuildPhase section */

/* Begin PBXFileReference section */
		AC5245F1238E811E00A434D0 /* public */ = {isa = PBXFileReference; lastKnownFileType = folder; name = public; path = ../public; sourceTree = "<group>"; };
		AC88D3C6236DBF7000371F3C /* GCDWebServer.xcodeproj */ = {isa = PBXFileReference; lastKnownFileType = "wrapper.pb-project"; name = GCDWebServer.xcodeproj; path = "GCDWebServer-3.5.3/GCDWebServer.xcodeproj"; sourceTree = "<group>"; };
		AC88D3E2236DC07A00371F3C /* libz.tbd */ = {isa = PBXFileReference; lastKnownFileType = "sourcecode.text-based-dylib-definition"; name = libz.tbd; path = usr/lib/libz.tbd; sourceTree = SDKROOT; };
		ACD89330222822C60073EC6E /* Monikers.app */ = {isa = PBXFileReference; explicitFileType = wrapper.application; includeInIndex = 0; path = Monikers.app; sourceTree = BUILT_PRODUCTS_DIR; };
		ACD89333222822C60073EC6E /* AppDelegate.swift */ = {isa = PBXFileReference; lastKnownFileType = sourcecode.swift; path = AppDelegate.swift; sourceTree = "<group>"; };
		ACD89335222822C60073EC6E /* ViewController.swift */ = {isa = PBXFileReference; lastKnownFileType = sourcecode.swift; path = ViewController.swift; sourceTree = "<group>"; };
		ACD89338222822C60073EC6E /* Base */ = {isa = PBXFileReference; lastKnownFileType = file.storyboard; name = Base; path = Base.lproj/Main.storyboard; sourceTree = "<group>"; };
		ACD8933A222822C80073EC6E /* Assets.xcassets */ = {isa = PBXFileReference; lastKnownFileType = folder.assetcatalog; path = Assets.xcassets; sourceTree = "<group>"; };
		ACD8933D222822C80073EC6E /* Base */ = {isa = PBXFileReference; lastKnownFileType = file.storyboard; name = Base; path = Base.lproj/LaunchScreen.storyboard; sourceTree = "<group>"; };
		ACD8933F222822C80073EC6E /* Info.plist */ = {isa = PBXFileReference; lastKnownFileType = text.plist.xml; path = Info.plist; sourceTree = "<group>"; };
		ACD89346222823920073EC6E /* WebKit.framework */ = {isa = PBXFileReference; lastKnownFileType = wrapper.framework; name = WebKit.framework; path = System/Library/Frameworks/WebKit.framework; sourceTree = SDKROOT; };
/* End PBXFileReference section */

/* Begin PBXFrameworksBuildPhase section */
		ACD8932D222822C60073EC6E /* Frameworks */ = {
			isa = PBXFrameworksBuildPhase;
			buildActionMask = 2147483647;
			files = (
				AC88D3E3236DC07A00371F3C /* libz.tbd in Frameworks */,
				ACD89347222823920073EC6E /* WebKit.framework in Frameworks */,
				AC1B82FE2392AE56008374C4 /* WKdova in Frameworks */,
				AC88D3DF236DBFA200371F3C /* GCDWebServers.framework in Frameworks */,
			);
			runOnlyForDeploymentPostprocessing = 0;
		};
/* End PBXFrameworksBuildPhase section */

/* Begin PBXGroup section */
		AC88D3C7236DBF7000371F3C /* Products */ = {
			isa = PBXGroup;
			children = (
				AC88D3D2236DBF7000371F3C /* GCDWebServer */,
				AC88D3D4236DBF7000371F3C /* GCDWebServer.app */,
				AC88D3DA236DBF7000371F3C /* GCDWebServers.framework */,
			);
			name = Products;
			sourceTree = "<group>";
		};
		ACD89327222822C50073EC6E = {
			isa = PBXGroup;
			children = (
				AC5245F1238E811E00A434D0 /* public */,
				AC88D3C6236DBF7000371F3C /* GCDWebServer.xcodeproj */,
				ACD89332222822C60073EC6E /* Webview Bridge */,
				ACD89331222822C60073EC6E /* Products */,
				ACD89345222823920073EC6E /* Frameworks */,
			);
			sourceTree = "<group>";
		};
		ACD89331222822C60073EC6E /* Products */ = {
			isa = PBXGroup;
			children = (
				ACD89330222822C60073EC6E /* Monikers.app */,
			);
			name = Products;
			sourceTree = "<group>";
		};
		ACD89332222822C60073EC6E /* Webview Bridge */ = {
			isa = PBXGroup;
			children = (
				ACD89333222822C60073EC6E /* AppDelegate.swift */,
				ACD89335222822C60073EC6E /* ViewController.swift */,
				ACD89337222822C60073EC6E /* Main.storyboard */,
				ACD8933A222822C80073EC6E /* Assets.xcassets */,
				ACD8933C222822C80073EC6E /* LaunchScreen.storyboard */,
				ACD8933F222822C80073EC6E /* Info.plist */,
			);
			path = "Webview Bridge";
			sourceTree = "<group>";
		};
		ACD89345222823920073EC6E /* Frameworks */ = {
			isa = PBXGroup;
			children = (
				AC88D3E2236DC07A00371F3C /* libz.tbd */,
				ACD89346222823920073EC6E /* WebKit.framework */,
			);
			name = Frameworks;
			sourceTree = "<group>";
		};
/* End PBXGroup section */

/* Begin PBXNativeTarget section */
		ACD8932F222822C60073EC6E /* Webview Bridge */ = {
			isa = PBXNativeTarget;
			buildConfigurationList = ACD89342222822C80073EC6E /* Build configuration list for PBXNativeTarget "Webview Bridge" */;
			buildPhases = (
				AC5245F3238E828500A434D0 /* ShellScript */,
				ACD8932C222822C60073EC6E /* Sources */,
				ACD8932D222822C60073EC6E /* Frameworks */,
				ACD8932E222822C60073EC6E /* Resources */,
				AC88D3E1236DBFA200371F3C /* Embed Frameworks */,
			);
			buildRules = (
			);
			dependencies = (
			);
			name = "Webview Bridge";
			packageProductDependencies = (
				AC1B82FD2392AE56008374C4 /* WKdova */,
			);
			productName = "Webview Bridge";
			productReference = ACD89330222822C60073EC6E /* Monikers.app */;
			productType = "com.apple.product-type.application";
		};
/* End PBXNativeTarget section */

/* Begin PBXProject section */
		ACD89328222822C50073EC6E /* Project object */ = {
			isa = PBXProject;
			attributes = {
				LastSwiftUpdateCheck = 1010;
				LastUpgradeCheck = 1010;
				ORGANIZATIONNAME = "Yannick Weiss";
				TargetAttributes = {
					ACD8932F222822C60073EC6E = {
						CreatedOnToolsVersion = 10.1;
						LastSwiftMigration = 1100;
					};
				};
			};
			buildConfigurationList = ACD8932B222822C50073EC6E /* Build configuration list for PBXProject "Webview Bridge" */;
			compatibilityVersion = "Xcode 11.0";
			developmentRegion = en;
			hasScannedForEncodings = 0;
			knownRegions = (
				en,
				Base,
			);
			mainGroup = ACD89327222822C50073EC6E;
			packageReferences = (
				AC1B82FC2392AE56008374C4 /* XCRemoteSwiftPackageReference "WKdova" */,
			);
			productRefGroup = ACD89331222822C60073EC6E /* Products */;
			projectDirPath = "";
			projectReferences = (
				{
					ProductGroup = AC88D3C7236DBF7000371F3C /* Products */;
					ProjectRef = AC88D3C6236DBF7000371F3C /* GCDWebServer.xcodeproj */;
				},
			);
			projectRoot = "";
			targets = (
				ACD8932F222822C60073EC6E /* Webview Bridge */,
			);
		};
/* End PBXProject section */

/* Begin PBXReferenceProxy section */
		AC88D3D2236DBF7000371F3C /* GCDWebServer */ = {
			isa = PBXReferenceProxy;
			fileType = "compiled.mach-o.executable";
			path = GCDWebServer;
			remoteRef = AC88D3D1236DBF7000371F3C /* PBXContainerItemProxy */;
			sourceTree = BUILT_PRODUCTS_DIR;
		};
		AC88D3D4236DBF7000371F3C /* GCDWebServer.app */ = {
			isa = PBXReferenceProxy;
			fileType = wrapper.application;
			path = GCDWebServer.app;
			remoteRef = AC88D3D3236DBF7000371F3C /* PBXContainerItemProxy */;
			sourceTree = BUILT_PRODUCTS_DIR;
		};
		AC88D3DA236DBF7000371F3C /* GCDWebServers.framework */ = {
			isa = PBXReferenceProxy;
			fileType = wrapper.framework;
			path = GCDWebServers.framework;
			remoteRef = AC88D3D9236DBF7000371F3C /* PBXContainerItemProxy */;
			sourceTree = BUILT_PRODUCTS_DIR;
		};
/* End PBXReferenceProxy section */

/* Begin PBXResourcesBuildPhase section */
		ACD8932E222822C60073EC6E /* Resources */ = {
			isa = PBXResourcesBuildPhase;
			buildActionMask = 2147483647;
			files = (
				AC5245F2238E811F00A434D0 /* public in Resources */,
				ACD8933E222822C80073EC6E /* LaunchScreen.storyboard in Resources */,
				ACD8933B222822C80073EC6E /* Assets.xcassets in Resources */,
				ACD89339222822C60073EC6E /* Main.storyboard in Resources */,
			);
			runOnlyForDeploymentPostprocessing = 0;
		};
/* End PBXResourcesBuildPhase section */

/* Begin PBXShellScriptBuildPhase section */
		AC5245F3238E828500A434D0 /* ShellScript */ = {
			isa = PBXShellScriptBuildPhase;
			buildActionMask = 2147483647;
			files = (
			);
			inputFileListPaths = (
			);
			inputPaths = (
			);
			outputFileListPaths = (
			);
			outputPaths = (
			);
			runOnlyForDeploymentPostprocessing = 0;
			shellPath = /bin/zsh;
			shellScript = "# dont forget chmod+x\n$SRCROOT/../xcode-build-phase-npm-run.sh\n";
		};
/* End PBXShellScriptBuildPhase section */

/* Begin PBXSourcesBuildPhase section */
		ACD8932C222822C60073EC6E /* Sources */ = {
			isa = PBXSourcesBuildPhase;
			buildActionMask = 2147483647;
			files = (
				ACD89336222822C60073EC6E /* ViewController.swift in Sources */,
				ACD89334222822C60073EC6E /* AppDelegate.swift in Sources */,
			);
			runOnlyForDeploymentPostprocessing = 0;
		};
/* End PBXSourcesBuildPhase section */

/* Begin PBXVariantGroup section */
		ACD89337222822C60073EC6E /* Main.storyboard */ = {
			isa = PBXVariantGroup;
			children = (
				ACD89338222822C60073EC6E /* Base */,
			);
			name = Main.storyboard;
			sourceTree = "<group>";
		};
		ACD8933C222822C80073EC6E /* LaunchScreen.storyboard */ = {
			isa = PBXVariantGroup;
			children = (
				ACD8933D222822C80073EC6E /* Base */,
			);
			name = LaunchScreen.storyboard;
			sourceTree = "<group>";
		};
/* End PBXVariantGroup section */

/* Begin XCBuildConfiguration section */
		ACD89340222822C80073EC6E /* Debug */ = {
			isa = XCBuildConfiguration;
			buildSettings = {
				ALWAYS_SEARCH_USER_PATHS = NO;
				CLANG_ANALYZER_NONNULL = YES;
				CLANG_ANALYZER_NUMBER_OBJECT_CONVERSION = YES_AGGRESSIVE;
				CLANG_CXX_LANGUAGE_STANDARD = "gnu++14";
				CLANG_CXX_LIBRARY = "libc++";
				CLANG_ENABLE_MODULES = YES;
				CLANG_ENABLE_OBJC_ARC = YES;
				CLANG_ENABLE_OBJC_WEAK = YES;
				CLANG_WARN_BLOCK_CAPTURE_AUTORELEASING = YES;
				CLANG_WARN_BOOL_CONVERSION = YES;
				CLANG_WARN_COMMA = YES;
				CLANG_WARN_CONSTANT_CONVERSION = YES;
				CLANG_WARN_DEPRECATED_OBJC_IMPLEMENTATIONS = YES;
				CLANG_WARN_DIRECT_OBJC_ISA_USAGE = YES_ERROR;
				CLANG_WARN_DOCUMENTATION_COMMENTS = YES;
				CLANG_WARN_EMPTY_BODY = YES;
				CLANG_WARN_ENUM_CONVERSION = YES;
				CLANG_WARN_INFINITE_RECURSION = YES;
				CLANG_WARN_INT_CONVERSION = YES;
				CLANG_WARN_NON_LITERAL_NULL_CONVERSION = YES;
				CLANG_WARN_OBJC_IMPLICIT_RETAIN_SELF = YES;
				CLANG_WARN_OBJC_LITERAL_CONVERSION = YES;
				CLANG_WARN_OBJC_ROOT_CLASS = YES_ERROR;
				CLANG_WARN_RANGE_LOOP_ANALYSIS = YES;
				CLANG_WARN_STRICT_PROTOTYPES = YES;
				CLANG_WARN_SUSPICIOUS_MOVE = YES;
				CLANG_WARN_UNGUARDED_AVAILABILITY = YES_AGGRESSIVE;
				CLANG_WARN_UNREACHABLE_CODE = YES;
				CLANG_WARN__DUPLICATE_METHOD_MATCH = YES;
				CODE_SIGN_IDENTITY = "iPhone Developer";
				COPY_PHASE_STRIP = NO;
				DEBUG_INFORMATION_FORMAT = dwarf;
				ENABLE_STRICT_OBJC_MSGSEND = YES;
				ENABLE_TESTABILITY = YES;
				GCC_C_LANGUAGE_STANDARD = gnu11;
				GCC_DYNAMIC_NO_PIC = NO;
				GCC_NO_COMMON_BLOCKS = YES;
				GCC_OPTIMIZATION_LEVEL = 0;
				GCC_PREPROCESSOR_DEFINITIONS = (
					"DEBUG=1",
					"$(inherited)",
				);
				GCC_WARN_64_TO_32_BIT_CONVERSION = YES;
				GCC_WARN_ABOUT_RETURN_TYPE = YES_ERROR;
				GCC_WARN_UNDECLARED_SELECTOR = YES;
				GCC_WARN_UNINITIALIZED_AUTOS = YES_AGGRESSIVE;
				GCC_WARN_UNUSED_FUNCTION = YES;
				GCC_WARN_UNUSED_VARIABLE = YES;
				IPHONEOS_DEPLOYMENT_TARGET = 12.1;
				MTL_ENABLE_DEBUG_INFO = INCLUDE_SOURCE;
				MTL_FAST_MATH = YES;
				ONLY_ACTIVE_ARCH = YES;
				SDKROOT = iphoneos;
				SWIFT_ACTIVE_COMPILATION_CONDITIONS = DEBUG;
				SWIFT_OPTIMIZATION_LEVEL = "-Onone";
			};
			name = Debug;
		};
		ACD89341222822C80073EC6E /* Release */ = {
			isa = XCBuildConfiguration;
			buildSettings = {
				ALWAYS_SEARCH_USER_PATHS = NO;
				CLANG_ANALYZER_NONNULL = YES;
				CLANG_ANALYZER_NUMBER_OBJECT_CONVERSION = YES_AGGRESSIVE;
				CLANG_CXX_LANGUAGE_STANDARD = "gnu++14";
				CLANG_CXX_LIBRARY = "libc++";
				CLANG_ENABLE_MODULES = YES;
				CLANG_ENABLE_OBJC_ARC = YES;
				CLANG_ENABLE_OBJC_WEAK = YES;
				CLANG_WARN_BLOCK_CAPTURE_AUTORELEASING = YES;
				CLANG_WARN_BOOL_CONVERSION = YES;
				CLANG_WARN_COMMA = YES;
				CLANG_WARN_CONSTANT_CONVERSION = YES;
				CLANG_WARN_DEPRECATED_OBJC_IMPLEMENTATIONS = YES;
				CLANG_WARN_DIRECT_OBJC_ISA_USAGE = YES_ERROR;
				CLANG_WARN_DOCUMENTATION_COMMENTS = YES;
				CLANG_WARN_EMPTY_BODY = YES;
				CLANG_WARN_ENUM_CONVERSION = YES;
				CLANG_WARN_INFINITE_RECURSION = YES;
				CLANG_WARN_INT_CONVERSION = YES;
				CLANG_WARN_NON_LITERAL_NULL_CONVERSION = YES;
				CLANG_WARN_OBJC_IMPLICIT_RETAIN_SELF = YES;
				CLANG_WARN_OBJC_LITERAL_CONVERSION = YES;
				CLANG_WARN_OBJC_ROOT_CLASS = YES_ERROR;
				CLANG_WARN_RANGE_LOOP_ANALYSIS = YES;
				CLANG_WARN_STRICT_PROTOTYPES = YES;
				CLANG_WARN_SUSPICIOUS_MOVE = YES;
				CLANG_WARN_UNGUARDED_AVAILABILITY = YES_AGGRESSIVE;
				CLANG_WARN_UNREACHABLE_CODE = YES;
				CLANG_WARN__DUPLICATE_METHOD_MATCH = YES;
				CODE_SIGN_IDENTITY = "iPhone Developer";
				COPY_PHASE_STRIP = NO;
				DEBUG_INFORMATION_FORMAT = "dwarf-with-dsym";
				ENABLE_NS_ASSERTIONS = NO;
				ENABLE_STRICT_OBJC_MSGSEND = YES;
				GCC_C_LANGUAGE_STANDARD = gnu11;
				GCC_NO_COMMON_BLOCKS = YES;
				GCC_WARN_64_TO_32_BIT_CONVERSION = YES;
				GCC_WARN_ABOUT_RETURN_TYPE = YES_ERROR;
				GCC_WARN_UNDECLARED_SELECTOR = YES;
				GCC_WARN_UNINITIALIZED_AUTOS = YES_AGGRESSIVE;
				GCC_WARN_UNUSED_FUNCTION = YES;
				GCC_WARN_UNUSED_VARIABLE = YES;
				IPHONEOS_DEPLOYMENT_TARGET = 12.1;
				MTL_ENABLE_DEBUG_INFO = NO;
				MTL_FAST_MATH = YES;
				SDKROOT = iphoneos;
				SWIFT_COMPILATION_MODE = wholemodule;
				SWIFT_OPTIMIZATION_LEVEL = "-O";
				VALIDATE_PRODUCT = YES;
			};
			name = Release;
		};
		ACD89343222822C80073EC6E /* Debug */ = {
			isa = XCBuildConfiguration;
			buildSettings = {
				ASSETCATALOG_COMPILER_APPICON_NAME = AppIcon;
				CODE_SIGN_STYLE = Automatic;
				DEVELOPMENT_TEAM = NDJHDNKXD6;
				HEADER_SEARCH_PATHS = "$(SDKROOT)/usr/include/libxml2";
				INFOPLIST_FILE = "Webview Bridge/Info.plist";
				LD_RUNPATH_SEARCH_PATHS = (
					"$(inherited)",
					"@executable_path/Frameworks",
				);
				NDEBUG = YES;
				PRODUCT_BUNDLE_IDENTIFIER = dev.yannick.monikers;
				PRODUCT_NAME = Monikers;
				SWIFT_VERSION = 5.0;
				TARGETED_DEVICE_FAMILY = "1,2";
			};
			name = Debug;
		};
		ACD89344222822C80073EC6E /* Release */ = {
			isa = XCBuildConfiguration;
			buildSettings = {
				ASSETCATALOG_COMPILER_APPICON_NAME = AppIcon;
				CODE_SIGN_STYLE = Automatic;
				DEVELOPMENT_TEAM = NDJHDNKXD6;
				HEADER_SEARCH_PATHS = "$(SDKROOT)/usr/include/libxml2";
				INFOPLIST_FILE = "Webview Bridge/Info.plist";
				LD_RUNPATH_SEARCH_PATHS = (
					"$(inherited)",
					"@executable_path/Frameworks",
				);
				NDEBUG = YES;
				PRODUCT_BUNDLE_IDENTIFIER = dev.yannick.monikers;
				PRODUCT_NAME = Monikers;
				SWIFT_VERSION = 5.0;
				TARGETED_DEVICE_FAMILY = "1,2";
			};
			name = Release;
		};
/* End XCBuildConfiguration section */

/* Begin XCConfigurationList section */
		ACD8932B222822C50073EC6E /* Build configuration list for PBXProject "Webview Bridge" */ = {
			isa = XCConfigurationList;
			buildConfigurations = (
				ACD89340222822C80073EC6E /* Debug */,
				ACD89341222822C80073EC6E /* Release */,
			);
			defaultConfigurationIsVisible = 0;
			defaultConfigurationName = Release;
		};
		ACD89342222822C80073EC6E /* Build configuration list for PBXNativeTarget "Webview Bridge" */ = {
			isa = XCConfigurationList;
			buildConfigurations = (
				ACD89343222822C80073EC6E /* Debug */,
				ACD89344222822C80073EC6E /* Release */,
			);
			defaultConfigurationIsVisible = 0;
			defaultConfigurationName = Release;
		};
/* End XCConfigurationList section */

/* Begin XCRemoteSwiftPackageReference section */
		AC1B82FC2392AE56008374C4 /* XCRemoteSwiftPackageReference "WKdova" */ = {
			isa = XCRemoteSwiftPackageReference;
			repositoryURL = "https://github.com/yene/WKdova";
			requirement = {
				kind = upToNextMajorVersion;
				minimumVersion = 0.0.4;
			};
		};
/* End XCRemoteSwiftPackageReference section */

/* Begin XCSwiftPackageProductDependency section */
		AC1B82FD2392AE56008374C4 /* WKdova */ = {
			isa = XCSwiftPackageProductDependency;
			package = AC1B82FC2392AE56008374C4 /* XCRemoteSwiftPackageReference "WKdova" */;
			productName = WKdova;
		};
/* End XCSwiftPackageProductDependency section */
	};
	rootObject = ACD89328222822C50073EC6E /* Project object */;
}
