{
  "object": {
    "pins": [
      {
        "package": "WKdova",
        "repositoryURL": "https://github.com/yene/WKdova",
        "state": {
          "branch": null,
          "revision": "8f544c7b1bba8869f30b22b8f2e052d7db6df9ff",
          "version": "0.0.5"
        }
      }
    ]
  },
  "version": 1
}
